
Microsoft Visual Studio Solution File, Format Version 12.00
# Visual Studio 2013
VisualStudioVersion = 12.0.30110.0
MinimumVisualStudioVersion = 10.0.40219.1
Project("{FAE04EC0-301F-11D3-BF4B-00C04F79EFBC}") = "MassTransitChat", "MassTransitChat\MassTransitChat.csproj", "{498DDBBB-9C18-4CF5-8F36-FCDA7585732F}"
EndProject
Project("{2150E333-8FDC-42A3-9474-1A3956D46DE8}") = ".nuget", ".nuget", "{97D8A9BE-AD88-4DC6-BB4C-52C4EDFA3669}"
	ProjectSection(SolutionItems) = preProject
		.nuget\NuGet.Config = .nuget\NuGet.Config
		.nuget\NuGet.exe = .nuget\NuGet.exe
		.nuget\NuGet.targets = .nuget\NuGet.targets
	EndProjectSection
EndProject
Global
	GlobalSection(SolutionConfigurationPlatforms) = preSolution
		Debug|Any CPU = Debug|Any CPU
		Release|Any CPU = Release|Any CPU
	EndGlobalSection
	GlobalSection(ProjectConfigurationPlatforms) = postSolution
		{498DDBBB-9C18-4CF5-8F36-FCDA7585732F}.Debug|Any CPU.ActiveCfg = Debug|Any CPU
		{498DDBBB-9C18-4CF5-8F36-FCDA7585732F}.Debug|Any CPU.Build.0 = Debug|Any CPU
		{498DDBBB-9C18-4CF5-8F36-FCDA7585732F}.Release|Any CPU.ActiveCfg = Release|Any CPU
		{498DDBBB-9C18-4CF5-8F36-FCDA7585732F}.Release|Any CPU.Build.0 = Release|Any CPU
	EndGlobalSection
	GlobalSection(SolutionProperties) = preSolution
		HideSolutionNode = FALSE
	EndGlobalSection
EndGlobal
